
Microsoft Visual Studio Solution File, Format Version 12.00
# Visual Studio Version 16
VisualStudioVersion = 16.0.30611.23
MinimumVisualStudioVersion = 10.0.40219.1
Project("{FAE04EC0-301F-11D3-BF4B-00C04F79EFBC}") = "Kémia", "Kémia\Kémia.csproj", "{DBCFB9AB-B26F-4342-B9B7-84553B0CEFE6}"
EndProject
Global
	GlobalSection(SolutionConfigurationPlatforms) = preSolution
		Debug|Any CPU = Debug|Any CPU
		Release|Any CPU = Release|Any CPU
	EndGlobalSection
	GlobalSection(ProjectConfigurationPlatforms) = postSolution
		{DBCFB9AB-B26F-4342-B9B7-84553B0CEFE6}.Debug|Any CPU.ActiveCfg = Debug|Any CPU
		{DBCFB9AB-B26F-4342-B9B7-84553B0CEFE6}.Debug|Any CPU.Build.0 = Debug|Any CPU
		{DBCFB9AB-B26F-4342-B9B7-84553B0CEFE6}.Release|Any CPU.ActiveCfg = Release|Any CPU
		{DBCFB9AB-B26F-4342-B9B7-84553B0CEFE6}.Release|Any CPU.Build.0 = Release|Any CPU
	EndGlobalSection
	GlobalSection(SolutionProperties) = preSolution
		HideSolutionNode = FALSE
	EndGlobalSection
	GlobalSection(ExtensibilityGlobals) = postSolution
		SolutionGuid = {6324553E-A3B8-402C-A448-B3F88FD1FFC8}
	EndGlobalSection
EndGlobal
